<?xml version="1.0" encoding="UTF-8"?>
<CodeBlocks_project_file>
	<FileVersion major="1" minor="6"/>
	<Project>
		<Option title="listaDen"/>
		<Option makefile_is_custom="1"/>
		<Option compiler="gcc"/>
		<Option virtualFolders="CMake Files\;"/>
		<Build>
			<Target title="all">
				<Option working_dir="/home/arion/listaDenc/build-listaDen-Desktop-Default"/>
				<Option type="4"/>
				<MakeCommands>
					<Build command="/usr/bin/make -j4 -f &quot;/home/arion/listaDenc/build-listaDen-Desktop-Default/Makefile&quot;  VERBOSE=1 all"/>
					<CompileFile command="/usr/bin/make -j4 -f &quot;/home/arion/listaDenc/build-listaDen-Desktop-Default/Makefile&quot;  VERBOSE=1 &quot;$file&quot;"/>
					<Clean command="/usr/bin/make -j4 -f &quot;/home/arion/listaDenc/build-listaDen-Desktop-Default/Makefile&quot;  VERBOSE=1 clean"/>
					<DistClean command="/usr/bin/make -j4 -f &quot;/home/arion/listaDenc/build-listaDen-Desktop-Default/Makefile&quot;  VERBOSE=1 clean"/>
				</MakeCommands>
			</Target>
			<Target title="rebuild_cache">
				<Option working_dir="/home/arion/listaDenc/build-listaDen-Desktop-Default"/>
				<Option type="4"/>
				<MakeCommands>
					<Build command="/usr/bin/make -j4 -f &quot;/home/arion/listaDenc/build-listaDen-Desktop-Default/Makefile&quot;  VERBOSE=1 rebuild_cache"/>
					<CompileFile command="/usr/bin/make -j4 -f &quot;/home/arion/listaDenc/build-listaDen-Desktop-Default/Makefile&quot;  VERBOSE=1 &quot;$file&quot;"/>
					<Clean command="/usr/bin/make -j4 -f &quot;/home/arion/listaDenc/build-listaDen-Desktop-Default/Makefile&quot;  VERBOSE=1 clean"/>
					<DistClean command="/usr/bin/make -j4 -f &quot;/home/arion/listaDenc/build-listaDen-Desktop-Default/Makefile&quot;  VERBOSE=1 clean"/>
				</MakeCommands>
			</Target>
			<Target title="listaDen">
				<Option output="/home/arion/listaDenc/build-listaDen-Desktop-Default/listaDen" prefix_auto="0" extension_auto="0"/>
				<Option working_dir="/home/arion/listaDenc/build-listaDen-Desktop-Default"/>
				<Option object_output="./"/>
				<Option type="1"/>
				<Option compiler="gcc"/>
				<Compiler>
					<Add directory="/usr/include/c++/8"/>
					<Add directory="/usr/include/x86_64-linux-gnu/c++/8"/>
					<Add directory="/usr/include/c++/8/backward"/>
					<Add directory="/usr/lib/gcc/x86_64-linux-gnu/8/include"/>
					<Add directory="/usr/local/include"/>
					<Add directory="/usr/lib/gcc/x86_64-linux-gnu/8/include-fixed"/>
					<Add directory="/usr/include/x86_64-linux-gnu"/>
					<Add directory="/usr/include"/>
				</Compiler>
				<MakeCommands>
					<Build command="/usr/bin/make -j4 -f &quot;/home/arion/listaDenc/build-listaDen-Desktop-Default/Makefile&quot;  VERBOSE=1 listaDen"/>
					<CompileFile command="/usr/bin/make -j4 -f &quot;/home/arion/listaDenc/build-listaDen-Desktop-Default/Makefile&quot;  VERBOSE=1 &quot;$file&quot;"/>
					<Clean command="/usr/bin/make -j4 -f &quot;/home/arion/listaDenc/build-listaDen-Desktop-Default/Makefile&quot;  VERBOSE=1 clean"/>
					<DistClean command="/usr/bin/make -j4 -f &quot;/home/arion/listaDenc/build-listaDen-Desktop-Default/Makefile&quot;  VERBOSE=1 clean"/>
				</MakeCommands>
			</Target>
			<Target title="listaDen/fast">
				<Option output="/home/arion/listaDenc/build-listaDen-Desktop-Default/listaDen" prefix_auto="0" extension_auto="0"/>
				<Option working_dir="/home/arion/listaDenc/build-listaDen-Desktop-Default"/>
				<Option object_output="./"/>
				<Option type="1"/>
				<Option compiler="gcc"/>
				<Compiler>
					<Add directory="/usr/include/c++/8"/>
					<Add directory="/usr/include/x86_64-linux-gnu/c++/8"/>
					<Add directory="/usr/include/c++/8/backward"/>
					<Add directory="/usr/lib/gcc/x86_64-linux-gnu/8/include"/>
					<Add directory="/usr/local/include"/>
					<Add directory="/usr/lib/gcc/x86_64-linux-gnu/8/include-fixed"/>
					<Add directory="/usr/include/x86_64-linux-gnu"/>
					<Add directory="/usr/include"/>
				</Compiler>
				<MakeCommands>
					<Build command="/usr/bin/make -j4 -f &quot;/home/arion/listaDenc/build-listaDen-Desktop-Default/Makefile&quot;  VERBOSE=1 listaDen/fast"/>
					<CompileFile command="/usr/bin/make -j4 -f &quot;/home/arion/listaDenc/build-listaDen-Desktop-Default/Makefile&quot;  VERBOSE=1 &quot;$file&quot;"/>
					<Clean command="/usr/bin/make -j4 -f &quot;/home/arion/listaDenc/build-listaDen-Desktop-Default/Makefile&quot;  VERBOSE=1 clean"/>
					<DistClean command="/usr/bin/make -j4 -f &quot;/home/arion/listaDenc/build-listaDen-Desktop-Default/Makefile&quot;  VERBOSE=1 clean"/>
				</MakeCommands>
			</Target>
			<Target title="edit_cache">
				<Option working_dir="/home/arion/listaDenc/build-listaDen-Desktop-Default"/>
				<Option type="4"/>
				<MakeCommands>
					<Build command="/usr/bin/make -j4 -f &quot;/home/arion/listaDenc/build-listaDen-Desktop-Default/Makefile&quot;  VERBOSE=1 edit_cache"/>
					<CompileFile command="/usr/bin/make -j4 -f &quot;/home/arion/listaDenc/build-listaDen-Desktop-Default/Makefile&quot;  VERBOSE=1 &quot;$file&quot;"/>
					<Clean command="/usr/bin/make -j4 -f &quot;/home/arion/listaDenc/build-listaDen-Desktop-Default/Makefile&quot;  VERBOSE=1 clean"/>
					<DistClean command="/usr/bin/make -j4 -f &quot;/home/arion/listaDenc/build-listaDen-Desktop-Default/Makefile&quot;  VERBOSE=1 clean"/>
				</MakeCommands>
			</Target>
		</Build>
		<Unit filename="/home/arion/listaDenc/listaDen/listad.c">
			<Option target="listaDen"/>
		</Unit>
		<Unit filename="/home/arion/listaDenc/listaDen/listad.h">
			<Option target="listaDen"/>
		</Unit>
		<Unit filename="/home/arion/listaDenc/listaDen/listadd.c">
			<Option target="listaDen"/>
		</Unit>
		<Unit filename="/home/arion/listaDenc/listaDen/listadd.h">
			<Option target="listaDen"/>
		</Unit>
		<Unit filename="/home/arion/listaDenc/listaDen/main.c">
			<Option target="listaDen"/>
		</Unit>
		<Unit filename="/home/arion/listaDenc/listaDen/CMakeLists.txt">
			<Option virtualFolder="CMake Files\"/>
		</Unit>
	</Project>
</CodeBlocks_project_file>
